
Microsoft Visual Studio Solution File, Format Version 12.00
# Visual Studio Version 17
VisualStudioVersion = 17.5.002.0
MinimumVisualStudioVersion = 10.0.40219.1
Project("{9A19103F-16F7-4668-BE54-9A1E7A4F7556}") = "SmartHomeAPI", "SmartHomeAPI.csproj", "{72899448-9813-4808-A184-4542EB169398}"
EndProject
Global
	GlobalSection(SolutionConfigurationPlatforms) = preSolution
		Debug|Any CPU = Debug|Any CPU
		Release|Any CPU = Release|Any CPU
	EndGlobalSection
	GlobalSection(ProjectConfigurationPlatforms) = postSolution
		{72899448-9813-4808-A184-4542EB169398}.Debug|Any CPU.ActiveCfg = Debug|Any CPU
		{72899448-9813-4808-A184-4542EB169398}.Debug|Any CPU.Build.0 = Debug|Any CPU
		{72899448-9813-4808-A184-4542EB169398}.Release|Any CPU.ActiveCfg = Release|Any CPU
		{72899448-9813-4808-A184-4542EB169398}.Release|Any CPU.Build.0 = Release|Any CPU
	EndGlobalSection
	GlobalSection(SolutionProperties) = preSolution
		HideSolutionNode = FALSE
	EndGlobalSection
	GlobalSection(ExtensibilityGlobals) = postSolution
		SolutionGuid = {5CB10D7E-07FB-4C13-8A56-A0C9E4283CFA}
	EndGlobalSection
EndGlobal
